
Microsoft Visual Studio Solution File, Format Version 12.00
# Visual Studio Version 16
VisualStudioVersion = 16.0.35026.282
MinimumVisualStudioVersion = 10.0.40219.1
Project("{8BC9CEB8-8B4A-11D0-8D11-00A0C91BC942}") = "cmd_usb-i2c", "cmd_usb-i2c.vcxproj", "{B55D3E23-23CA-4D8B-A94E-2E85C3F6B5D7}"
EndProject
Global
	GlobalSection(SolutionConfigurationPlatforms) = preSolution
		Debug|x64 = Debug|x64
		Debug|x86 = Debug|x86
		Release|x64 = Release|x64
		Release|x86 = Release|x86
	EndGlobalSection
	GlobalSection(ProjectConfigurationPlatforms) = postSolution
		{B55D3E23-23CA-4D8B-A94E-2E85C3F6B5D7}.Debug|x64.ActiveCfg = Debug|x64
		{B55D3E23-23CA-4D8B-A94E-2E85C3F6B5D7}.Debug|x64.Build.0 = Debug|x64
		{B55D3E23-23CA-4D8B-A94E-2E85C3F6B5D7}.Debug|x86.ActiveCfg = Debug|Win32
		{B55D3E23-23CA-4D8B-A94E-2E85C3F6B5D7}.Debug|x86.Build.0 = Debug|Win32
		{B55D3E23-23CA-4D8B-A94E-2E85C3F6B5D7}.Release|x64.ActiveCfg = Release|x64
		{B55D3E23-23CA-4D8B-A94E-2E85C3F6B5D7}.Release|x64.Build.0 = Release|x64
		{B55D3E23-23CA-4D8B-A94E-2E85C3F6B5D7}.Release|x86.ActiveCfg = Release|Win32
		{B55D3E23-23CA-4D8B-A94E-2E85C3F6B5D7}.Release|x86.Build.0 = Release|Win32
	EndGlobalSection
	GlobalSection(SolutionProperties) = preSolution
		HideSolutionNode = FALSE
	EndGlobalSection
	GlobalSection(ExtensibilityGlobals) = postSolution
		SolutionGuid = {60E5B84F-AE7E-4334-B0F6-EE62A77D99E4}
	EndGlobalSection
EndGlobal
